[["version","1"]]
["","container.from",["docker.io/denoland/deno:latest","linux/amd64"],"sha256:6288db6be1c26473bb9d1843f906d9a219c0dda57fd85de4aac90296951cf6ef","pin"]
["","container.from",["docker.io/denoland/deno:latest","linux/arm64"],"sha256:6288db6be1c26473bb9d1843f906d9a219c0dda57fd85de4aac90296951cf6ef","pin"]
["","container.from",["docker.io/library/debian:trixie-slim","linux/arm64"],"sha256:020c0d20b9880058cbe785a9db107156c3c75c2ac944a6aa7ab59f2add76a7bd","pin"]
["","container.from",["docker.io/library/node:latest","linux/amd64"],"sha256:0473e7dc433a1310f436edee02aa79737ec78a4b345433ab0963d4a256f9ad85","pin"]
["","container.from",["docker.io/library/node:latest","linux/arm64"],"sha256:0473e7dc433a1310f436edee02aa79737ec78a4b345433ab0963d4a256f9ad85","pin"]
["","container.from",["docker.io/library/node:lts","linux/amd64"],"sha256:5711a0d445a1af54af9589066c646df387d1831a608226f4cd694fc59e745059","pin"]
["","container.from",["docker.io/library/node:lts","linux/arm64"],"sha256:5711a0d445a1af54af9589066c646df387d1831a608226f4cd694fc59e745059","pin"]
["","container.from",["docker.io/library/rust:1.97-trixie","linux/amd64"],"sha256:b92b8c8574f8f3b207fcb0912fb3e2de4041580b5934d90312d53938c9a038a9","pin"]
["","container.from",["docker.io/library/rust:1.97-trixie","linux/arm64"],"sha256:b92b8c8574f8f3b207fcb0912fb3e2de4041580b5934d90312d53938c9a038a9","pin"]
["","container.from",["docker.io/oven/bun:latest","linux/amd64"],"sha256:e10577f0db68676a7024391c6e5cb4b879ebd17188ab750cf10024a6d700e5c4","pin"]
["","container.from",["docker.io/oven/bun:latest","linux/arm64"],"sha256:e10577f0db68676a7024391c6e5cb4b879ebd17188ab750cf10024a6d700e5c4","pin"]
["","git.head",["https://github.com/sagikazarmark/daggerverse-beta"],"e96ac15774c610fdc1809f3baa06816756fbdabc","float"]